// !$*UTF8*$!
{
	archiveVersion = 1;
	classes = {
	};
	objectVersion = 52;
	objects = {

/* Begin PBXBuildFile section */
		6C19B75523C642FA009C2119 /* Assets.xcassets in Resources */ = {isa = PBXBuildFile; fileRef = 6C19B75423C642FA009C2119 /* Assets.xcassets */; };
		6C19B75C23C642FA009C2119 /* SnareDrum MessagesExtension.appex in Embed App Extensions */ = {isa = PBXBuildFile; fileRef = 6C19B75B23C642FA009C2119 /* SnareDrum MessagesExtension.appex */; settings = {ATTRIBUTES = (RemoveHeadersOnCopy, ); }; };
		6C19B76123C642FA009C2119 /* Messages.framework in Frameworks */ = {isa = PBXBuildFile; fileRef = 6C19B76023C642FA009C2119 /* Messages.framework */; };
		6C19B76423C642FA009C2119 /* MessagesViewController.swift in Sources */ = {isa = PBXBuildFile; fileRef = 6C19B76323C642FA009C2119 /* MessagesViewController.swift */; };
		6C19B76723C642FA009C2119 /* MainInterface.storyboard in Resources */ = {isa = PBXBuildFile; fileRef = 6C19B76523C642FA009C2119 /* MainInterface.storyboard */; };
		6C19B76923C642FB009C2119 /* Assets.xcassets in Resources */ = {isa = PBXBuildFile; fileRef = 6C19B76823C642FB009C2119 /* Assets.xcassets */; };
		6C19B79723C7C38A009C2119 /* Assets.xcassets in Resources */ = {isa = PBXBuildFile; fileRef = 6C19B75423C642FA009C2119 /* Assets.xcassets */; };
/* End PBXBuildFile section */

/* Begin PBXContainerItemProxy section */
		6C19B75D23C642FA009C2119 /* PBXContainerItemProxy */ = {
			isa = PBXContainerItemProxy;
			containerPortal = 6C19B74B23C642F7009C2119 /* Project object */;
			proxyType = 1;
			remoteGlobalIDString = 6C19B75A23C642FA009C2119;
			remoteInfo = "SnareDrum MessagesExtension";
		};
/* End PBXContainerItemProxy section */

/* Begin PBXCopyFilesBuildPhase section */
		6C19B77023C642FB009C2119 /* Embed App Extensions */ = {
			isa = PBXCopyFilesBuildPhase;
			buildActionMask = 2147483647;
			dstPath = "";
			dstSubfolderSpec = 13;
			files = (
				6C19B75C23C642FA009C2119 /* SnareDrum MessagesExtension.appex in Embed App Extensions */,
			);
			name = "Embed App Extensions";
			runOnlyForDeploymentPostprocessing = 0;
		};
/* End PBXCopyFilesBuildPhase section */

/* Begin PBXFileReference section */
		6C19B75123C642F7009C2119 /* SnareDrum.app */ = {isa = PBXFileReference; explicitFileType = wrapper.application; includeInIndex = 0; path = SnareDrum.app; sourceTree = BUILT_PRODUCTS_DIR; };
		6C19B75423C642FA009C2119 /* Assets.xcassets */ = {isa = PBXFileReference; lastKnownFileType = folder.assetcatalog; path = Assets.xcassets; sourceTree = "<group>"; };
		6C19B75623C642FA009C2119 /* Info.plist */ = {isa = PBXFileReference; lastKnownFileType = text.plist.xml; path = Info.plist; sourceTree = "<group>"; };
		6C19B75B23C642FA009C2119 /* SnareDrum MessagesExtension.appex */ = {isa = PBXFileReference; explicitFileType = "wrapper.app-extension"; includeInIndex = 0; path = "SnareDrum MessagesExtension.appex"; sourceTree = BUILT_PRODUCTS_DIR; };
		6C19B76023C642FA009C2119 /* Messages.framework */ = {isa = PBXFileReference; lastKnownFileType = wrapper.framework; name = Messages.framework; path = System/Library/Frameworks/Messages.framework; sourceTree = SDKROOT; };
		6C19B76323C642FA009C2119 /* MessagesViewController.swift */ = {isa = PBXFileReference; lastKnownFileType = sourcecode.swift; path = MessagesViewController.swift; sourceTree = "<group>"; };
		6C19B76623C642FA009C2119 /* Base */ = {isa = PBXFileReference; lastKnownFileType = file.storyboard; name = Base; path = Base.lproj/MainInterface.storyboard; sourceTree = "<group>"; };
		6C19B76823C642FB009C2119 /* Assets.xcassets */ = {isa = PBXFileReference; lastKnownFileType = folder.assetcatalog; path = Assets.xcassets; sourceTree = "<group>"; };
		6C19B76A23C642FB009C2119 /* Info.plist */ = {isa = PBXFileReference; lastKnownFileType = text.plist.xml; path = Info.plist; sourceTree = "<group>"; };
/* End PBXFileReference section */

/* Begin PBXFrameworksBuildPhase section */
		6C19B75823C642FA009C2119 /* Frameworks */ = {
			isa = PBXFrameworksBuildPhase;
			buildActionMask = 2147483647;
			files = (
				6C19B76123C642FA009C2119 /* Messages.framework in Frameworks */,
			);
			runOnlyForDeploymentPostprocessing = 0;
		};
/* End PBXFrameworksBuildPhase section */

/* Begin PBXGroup section */
		6C19B74A23C642F7009C2119 = {
			isa = PBXGroup;
			children = (
				6C19B75323C642F7009C2119 /* SnareDrum */,
				6C19B76223C642FA009C2119 /* SnareDrum MessagesExtension */,
				6C19B75F23C642FA009C2119 /* Frameworks */,
				6C19B75223C642F7009C2119 /* Products */,
			);
			sourceTree = "<group>";
		};
		6C19B75223C642F7009C2119 /* Products */ = {
			isa = PBXGroup;
			children = (
				6C19B75123C642F7009C2119 /* SnareDrum.app */,
				6C19B75B23C642FA009C2119 /* SnareDrum MessagesExtension.appex */,
			);
			name = Products;
			sourceTree = "<group>";
		};
		6C19B75323C642F7009C2119 /* SnareDrum */ = {
			isa = PBXGroup;
			children = (
				6C19B75423C642FA009C2119 /* Assets.xcassets */,
				6C19B75623C642FA009C2119 /* Info.plist */,
			);
			path = SnareDrum;
			sourceTree = "<group>";
		};
		6C19B75F23C642FA009C2119 /* Frameworks */ = {
			isa = PBXGroup;
			children = (
				6C19B76023C642FA009C2119 /* Messages.framework */,
			);
			name = Frameworks;
			sourceTree = "<group>";
		};
		6C19B76223C642FA009C2119 /* SnareDrum MessagesExtension */ = {
			isa = PBXGroup;
			children = (
				6C19B76323C642FA009C2119 /* MessagesViewController.swift */,
				6C19B76523C642FA009C2119 /* MainInterface.storyboard */,
				6C19B76823C642FB009C2119 /* Assets.xcassets */,
				6C19B76A23C642FB009C2119 /* Info.plist */,
			);
			path = "SnareDrum MessagesExtension";
			sourceTree = "<group>";
		};
/* End PBXGroup section */

/* Begin PBXNativeTarget section */
		6C19B75023C642F7009C2119 /* SnareDrum */ = {
			isa = PBXNativeTarget;
			buildConfigurationList = 6C19B77123C642FB009C2119 /* Build configuration list for PBXNativeTarget "SnareDrum" */;
			buildPhases = (
				6C19B74F23C642F7009C2119 /* Resources */,
				6C19B77023C642FB009C2119 /* Embed App Extensions */,
			);
			buildRules = (
			);
			dependencies = (
				6C19B75E23C642FA009C2119 /* PBXTargetDependency */,
			);
			name = SnareDrum;
			productName = SnareDrum;
			productReference = 6C19B75123C642F7009C2119 /* SnareDrum.app */;
			productType = "com.apple.product-type.application.messages";
		};
		6C19B75A23C642FA009C2119 /* SnareDrum MessagesExtension */ = {
			isa = PBXNativeTarget;
			buildConfigurationList = 6C19B76D23C642FB009C2119 /* Build configuration list for PBXNativeTarget "SnareDrum MessagesExtension" */;
			buildPhases = (
				6C19B75723C642FA009C2119 /* Sources */,
				6C19B75823C642FA009C2119 /* Frameworks */,
				6C19B75923C642FA009C2119 /* Resources */,
			);
			buildRules = (
			);
			dependencies = (
			);
			name = "SnareDrum MessagesExtension";
			productName = "SnareDrum MessagesExtension";
			productReference = 6C19B75B23C642FA009C2119 /* SnareDrum MessagesExtension.appex */;
			productType = "com.apple.product-type.app-extension.messages";
		};
/* End PBXNativeTarget section */

/* Begin PBXProject section */
		6C19B74B23C642F7009C2119 /* Project object */ = {
			isa = PBXProject;
			attributes = {
				LastSwiftUpdateCheck = 1130;
				LastUpgradeCheck = 1130;
				ORGANIZATIONNAME = Drum;
				TargetAttributes = {
					6C19B75023C642F7009C2119 = {
						CreatedOnToolsVersion = 11.3;
					};
					6C19B75A23C642FA009C2119 = {
						CreatedOnToolsVersion = 11.3;
					};
				};
			};
			buildConfigurationList = 6C19B74E23C642F7009C2119 /* Build configuration list for PBXProject "SnareDrum" */;
			compatibilityVersion = "Xcode 11.0";
			developmentRegion = en;
			hasScannedForEncodings = 0;
			knownRegions = (
				en,
				Base,
			);
			mainGroup = 6C19B74A23C642F7009C2119;
			productRefGroup = 6C19B75223C642F7009C2119 /* Products */;
			projectDirPath = "";
			projectRoot = "";
			targets = (
				6C19B75023C642F7009C2119 /* SnareDrum */,
				6C19B75A23C642FA009C2119 /* SnareDrum MessagesExtension */,
			);
		};
/* End PBXProject section */

/* Begin PBXResourcesBuildPhase section */
		6C19B74F23C642F7009C2119 /* Resources */ = {
			isa = PBXResourcesBuildPhase;
			buildActionMask = 2147483647;
			files = (
				6C19B75523C642FA009C2119 /* Assets.xcassets in Resources */,
			);
			runOnlyForDeploymentPostprocessing = 0;
		};
		6C19B75923C642FA009C2119 /* Resources */ = {
			isa = PBXResourcesBuildPhase;
			buildActionMask = 2147483647;
			files = (
				6C19B76923C642FB009C2119 /* Assets.xcassets in Resources */,
				6C19B79723C7C38A009C2119 /* Assets.xcassets in Resources */,
				6C19B76723C642FA009C2119 /* MainInterface.storyboard in Resources */,
			);
			runOnlyForDeploymentPostprocessing = 0;
		};
/* End PBXResourcesBuildPhase section */

/* Begin PBXSourcesBuildPhase section */
		6C19B75723C642FA009C2119 /* Sources */ = {
			isa = PBXSourcesBuildPhase;
			buildActionMask = 2147483647;
			files = (
				6C19B76423C642FA009C2119 /* MessagesViewController.swift in Sources */,
			);
			runOnlyForDeploymentPostprocessing = 0;
		};
/* End PBXSourcesBuildPhase section */

/* Begin PBXTargetDependency section */
		6C19B75E23C642FA009C2119 /* PBXTargetDependency */ = {
			isa = PBXTargetDependency;
			target = 6C19B75A23C642FA009C2119 /* SnareDrum MessagesExtension */;
			targetProxy = 6C19B75D23C642FA009C2119 /* PBXContainerItemProxy */;
		};
/* End PBXTargetDependency section */

/* Begin PBXVariantGroup section */
		6C19B76523C642FA009C2119 /* MainInterface.storyboard */ = {
			isa = PBXVariantGroup;
			children = (
				6C19B76623C642FA009C2119 /* Base */,
			);
			name = MainInterface.storyboard;
			sourceTree = "<group>";
		};
/* End PBXVariantGroup section */

/* Begin XCBuildConfiguration section */
		6C19B76B23C642FB009C2119 /* Debug */ = {
			isa = XCBuildConfiguration;
			buildSettings = {
				ALWAYS_SEARCH_USER_PATHS = NO;
				CLANG_ANALYZER_NONNULL = YES;
				CLANG_ANALYZER_NUMBER_OBJECT_CONVERSION = YES_AGGRESSIVE;
				CLANG_CXX_LANGUAGE_STANDARD = "gnu++14";
				CLANG_CXX_LIBRARY = "libc++";
				CLANG_ENABLE_MODULES = YES;
				CLANG_ENABLE_OBJC_ARC = YES;
				CLANG_ENABLE_OBJC_WEAK = YES;
				CLANG_WARN_BLOCK_CAPTURE_AUTORELEASING = YES;
				CLANG_WARN_BOOL_CONVERSION = YES;
				CLANG_WARN_COMMA = YES;
				CLANG_WARN_CONSTANT_CONVERSION = YES;
				CLANG_WARN_DEPRECATED_OBJC_IMPLEMENTATIONS = YES;
				CLANG_WARN_DIRECT_OBJC_ISA_USAGE = YES_ERROR;
				CLANG_WARN_DOCUMENTATION_COMMENTS = YES;
				CLANG_WARN_EMPTY_BODY = YES;
				CLANG_WARN_ENUM_CONVERSION = YES;
				CLANG_WARN_INFINITE_RECURSION = YES;
				CLANG_WARN_INT_CONVERSION = YES;
				CLANG_WARN_NON_LITERAL_NULL_CONVERSION = YES;
				CLANG_WARN_OBJC_IMPLICIT_RETAIN_SELF = YES;
				CLANG_WARN_OBJC_LITERAL_CONVERSION = YES;
				CLANG_WARN_OBJC_ROOT_CLASS = YES_ERROR;
				CLANG_WARN_RANGE_LOOP_ANALYSIS = YES;
				CLANG_WARN_STRICT_PROTOTYPES = YES;
				CLANG_WARN_SUSPICIOUS_MOVE = YES;
				CLANG_WARN_UNGUARDED_AVAILABILITY = YES_AGGRESSIVE;
				CLANG_WARN_UNREACHABLE_CODE = YES;
				CLANG_WARN__DUPLICATE_METHOD_MATCH = YES;
				COPY_PHASE_STRIP = NO;
				DEBUG_INFORMATION_FORMAT = dwarf;
				ENABLE_STRICT_OBJC_MSGSEND = YES;
				ENABLE_TESTABILITY = YES;
				GCC_C_LANGUAGE_STANDARD = gnu11;
				GCC_DYNAMIC_NO_PIC = NO;
				GCC_NO_COMMON_BLOCKS = YES;
				GCC_OPTIMIZATION_LEVEL = 0;
				GCC_PREPROCESSOR_DEFINITIONS = (
					"DEBUG=1",
					"$(inherited)",
				);
				GCC_WARN_64_TO_32_BIT_CONVERSION = YES;
				GCC_WARN_ABOUT_RETURN_TYPE = YES_ERROR;
				GCC_WARN_UNDECLARED_SELECTOR = YES;
				GCC_WARN_UNINITIALIZED_AUTOS = YES_AGGRESSIVE;
				GCC_WARN_UNUSED_FUNCTION = YES;
				GCC_WARN_UNUSED_VARIABLE = YES;
				IPHONEOS_DEPLOYMENT_TARGET = 13.2;
				MTL_ENABLE_DEBUG_INFO = INCLUDE_SOURCE;
				MTL_FAST_MATH = YES;
				ONLY_ACTIVE_ARCH = YES;
				SDKROOT = iphoneos;
				SWIFT_ACTIVE_COMPILATION_CONDITIONS = DEBUG;
				SWIFT_OPTIMIZATION_LEVEL = "-Onone";
			};
			name = Debug;
		};
		6C19B76C23C642FB009C2119 /* Release */ = {
			isa = XCBuildConfiguration;
			buildSettings = {
				ALWAYS_SEARCH_USER_PATHS = NO;
				CLANG_ANALYZER_NONNULL = YES;
				CLANG_ANALYZER_NUMBER_OBJECT_CONVERSION = YES_AGGRESSIVE;
				CLANG_CXX_LANGUAGE_STANDARD = "gnu++14";
				CLANG_CXX_LIBRARY = "libc++";
				CLANG_ENABLE_MODULES = YES;
				CLANG_ENABLE_OBJC_ARC = YES;
				CLANG_ENABLE_OBJC_WEAK = YES;
				CLANG_WARN_BLOCK_CAPTURE_AUTORELEASING = YES;
				CLANG_WARN_BOOL_CONVERSION = YES;
				CLANG_WARN_COMMA = YES;
				CLANG_WARN_CONSTANT_CONVERSION = YES;
				CLANG_WARN_DEPRECATED_OBJC_IMPLEMENTATIONS = YES;
				CLANG_WARN_DIRECT_OBJC_ISA_USAGE = YES_ERROR;
				CLANG_WARN_DOCUMENTATION_COMMENTS = YES;
				CLANG_WARN_EMPTY_BODY = YES;
				CLANG_WARN_ENUM_CONVERSION = YES;
				CLANG_WARN_INFINITE_RECURSION = YES;
				CLANG_WARN_INT_CONVERSION = YES;
				CLANG_WARN_NON_LITERAL_NULL_CONVERSION = YES;
				CLANG_WARN_OBJC_IMPLICIT_RETAIN_SELF = YES;
				CLANG_WARN_OBJC_LITERAL_CONVERSION = YES;
				CLANG_WARN_OBJC_ROOT_CLASS = YES_ERROR;
				CLANG_WARN_RANGE_LOOP_ANALYSIS = YES;
				CLANG_WARN_STRICT_PROTOTYPES = YES;
				CLANG_WARN_SUSPICIOUS_MOVE = YES;
				CLANG_WARN_UNGUARDED_AVAILABILITY = YES_AGGRESSIVE;
				CLANG_WARN_UNREACHABLE_CODE = YES;
				CLANG_WARN__DUPLICATE_METHOD_MATCH = YES;
				COPY_PHASE_STRIP = NO;
				DEBUG_INFORMATION_FORMAT = "dwarf-with-dsym";
				ENABLE_NS_ASSERTIONS = NO;
				ENABLE_STRICT_OBJC_MSGSEND = YES;
				GCC_C_LANGUAGE_STANDARD = gnu11;
				GCC_NO_COMMON_BLOCKS = YES;
				GCC_WARN_64_TO_32_BIT_CONVERSION = YES;
				GCC_WARN_ABOUT_RETURN_TYPE = YES_ERROR;
				GCC_WARN_UNDECLARED_SELECTOR = YES;
				GCC_WARN_UNINITIALIZED_AUTOS = YES_AGGRESSIVE;
				GCC_WARN_UNUSED_FUNCTION = YES;
				GCC_WARN_UNUSED_VARIABLE = YES;
				IPHONEOS_DEPLOYMENT_TARGET = 13.2;
				MTL_ENABLE_DEBUG_INFO = NO;
				MTL_FAST_MATH = YES;
				SDKROOT = iphoneos;
				SWIFT_COMPILATION_MODE = wholemodule;
				SWIFT_OPTIMIZATION_LEVEL = "-O";
				VALIDATE_PRODUCT = YES;
			};
			name = Release;
		};
		6C19B76E23C642FB009C2119 /* Debug */ = {
			isa = XCBuildConfiguration;
			buildSettings = {
				ASSETCATALOG_COMPILER_APPICON_NAME = "iMessage App Icon";
				CODE_SIGN_STYLE = Automatic;
				INFOPLIST_FILE = "SnareDrum MessagesExtension/Info.plist";
				LD_RUNPATH_SEARCH_PATHS = (
					"$(inherited)",
					"@executable_path/Frameworks",
					"@executable_path/../../Frameworks",
				);
				PRODUCT_BUNDLE_IDENTIFIER = Drum.SnareDrum.MessagesExtension;
				PRODUCT_NAME = "$(TARGET_NAME)";
				SKIP_INSTALL = YES;
				SWIFT_VERSION = 5.0;
				TARGETED_DEVICE_FAMILY = "1,2";
			};
			name = Debug;
		};
		6C19B76F23C642FB009C2119 /* Release */ = {
			isa = XCBuildConfiguration;
			buildSettings = {
				ASSETCATALOG_COMPILER_APPICON_NAME = "iMessage App Icon";
				CODE_SIGN_STYLE = Automatic;
				INFOPLIST_FILE = "SnareDrum MessagesExtension/Info.plist";
				LD_RUNPATH_SEARCH_PATHS = (
					"$(inherited)",
					"@executable_path/Frameworks",
					"@executable_path/../../Frameworks",
				);
				PRODUCT_BUNDLE_IDENTIFIER = Drum.SnareDrum.MessagesExtension;
				PRODUCT_NAME = "$(TARGET_NAME)";
				SKIP_INSTALL = YES;
				SWIFT_VERSION = 5.0;
				TARGETED_DEVICE_FAMILY = "1,2";
			};
			name = Release;
		};
		6C19B77223C642FB009C2119 /* Debug */ = {
			isa = XCBuildConfiguration;
			buildSettings = {
				ALWAYS_EMBED_SWIFT_STANDARD_LIBRARIES = YES;
				ASSETCATALOG_COMPILER_APPICON_NAME = AppIcon;
				CODE_SIGN_STYLE = Automatic;
				INFOPLIST_FILE = SnareDrum/Info.plist;
				PRODUCT_BUNDLE_IDENTIFIER = Drum.SnareDrum;
				PRODUCT_NAME = "$(TARGET_NAME)";
				SWIFT_VERSION = 5.0;
				TARGETED_DEVICE_FAMILY = "1,2";
			};
			name = Debug;
		};
		6C19B77323C642FB009C2119 /* Release */ = {
			isa = XCBuildConfiguration;
			buildSettings = {
				ALWAYS_EMBED_SWIFT_STANDARD_LIBRARIES = YES;
				ASSETCATALOG_COMPILER_APPICON_NAME = AppIcon;
				CODE_SIGN_STYLE = Automatic;
				INFOPLIST_FILE = SnareDrum/Info.plist;
				PRODUCT_BUNDLE_IDENTIFIER = Drum.SnareDrum;
				PRODUCT_NAME = "$(TARGET_NAME)";
				SWIFT_VERSION = 5.0;
				TARGETED_DEVICE_FAMILY = "1,2";
			};
			name = Release;
		};
/* End XCBuildConfiguration section */

/* Begin XCConfigurationList section */
		6C19B74E23C642F7009C2119 /* Build configuration list for PBXProject "SnareDrum" */ = {
			isa = XCConfigurationList;
			buildConfigurations = (
				6C19B76B23C642FB009C2119 /* Debug */,
				6C19B76C23C642FB009C2119 /* Release */,
			);
			defaultConfigurationIsVisible = 0;
			defaultConfigurationName = Release;
		};
		6C19B76D23C642FB009C2119 /* Build configuration list for PBXNativeTarget "SnareDrum MessagesExtension" */ = {
			isa = XCConfigurationList;
			buildConfigurations = (
				6C19B76E23C642FB009C2119 /* Debug */,
				6C19B76F23C642FB009C2119 /* Release */,
			);
			defaultConfigurationIsVisible = 0;
			defaultConfigurationName = Release;
		};
		6C19B77123C642FB009C2119 /* Build configuration list for PBXNativeTarget "SnareDrum" */ = {
			isa = XCConfigurationList;
			buildConfigurations = (
				6C19B77223C642FB009C2119 /* Debug */,
				6C19B77323C642FB009C2119 /* Release */,
			);
			defaultConfigurationIsVisible = 0;
			defaultConfigurationName = Release;
		};
/* End XCConfigurationList section */
	};
	rootObject = 6C19B74B23C642F7009C2119 /* Project object */;
}
